// !$*UTF8*$!
{
	archiveVersion = 1;
	classes = {
	};
	objectVersion = 60;
	objects = {

/* Begin PBXBuildFile section */
		B10000000000000000000001 /* SlivkiWebHotfixApp.swift in Sources */ = {isa = PBXBuildFile; fileRef = A10000000000000000000001 /* SlivkiWebHotfixApp.swift */; };
		B10000000000000000000002 /* ContentView.swift in Sources */ = {isa = PBXBuildFile; fileRef = A10000000000000000000002 /* ContentView.swift */; };
		B10000000000000000000003 /* WebViewSession.swift in Sources */ = {isa = PBXBuildFile; fileRef = A10000000000000000000003 /* WebViewSession.swift */; };
		B10000000000000000000004 /* StoreWebView.swift in Sources */ = {isa = PBXBuildFile; fileRef = A10000000000000000000004 /* StoreWebView.swift */; };
		B10000000000000000000005 /* WebViewErrorOverlay.swift in Sources */ = {isa = PBXBuildFile; fileRef = A10000000000000000000005 /* WebViewErrorOverlay.swift */; };
		B10000000000000000000006 /* Assets.xcassets in Resources */ = {isa = PBXBuildFile; fileRef = A10000000000000000000006 /* Assets.xcassets */; };
/* End PBXBuildFile section */

/* Begin PBXFileReference section */
		A10000000000000000000001 /* SlivkiWebHotfixApp.swift */ = {isa = PBXFileReference; lastKnownFileType = sourcecode.swift; path = SlivkiWebHotfixApp.swift; sourceTree = "<group>"; };
		A10000000000000000000002 /* ContentView.swift */ = {isa = PBXFileReference; lastKnownFileType = sourcecode.swift; path = ContentView.swift; sourceTree = "<group>"; };
		A10000000000000000000003 /* WebViewSession.swift */ = {isa = PBXFileReference; lastKnownFileType = sourcecode.swift; path = WebViewSession.swift; sourceTree = "<group>"; };
		A10000000000000000000004 /* StoreWebView.swift */ = {isa = PBXFileReference; lastKnownFileType = sourcecode.swift; path = StoreWebView.swift; sourceTree = "<group>"; };
		A10000000000000000000005 /* WebViewErrorOverlay.swift */ = {isa = PBXFileReference; lastKnownFileType = sourcecode.swift; path = WebViewErrorOverlay.swift; sourceTree = "<group>"; };
		A10000000000000000000006 /* Assets.xcassets */ = {isa = PBXFileReference; lastKnownFileType = folder.assetcatalog; path = Assets.xcassets; sourceTree = "<group>"; };
		D10000000000000000000001 /* SlivkiWebHotfix.app */ = {isa = PBXFileReference; explicitFileType = wrapper.application; includeInIndex = 0; path = SlivkiWebHotfix.app; sourceTree = BUILT_PRODUCTS_DIR; };
/* End PBXFileReference section */

/* Begin PBXFrameworksBuildPhase section */
		C10000000000000000000003 /* Frameworks */ = {
			isa = PBXFrameworksBuildPhase;
			buildActionMask = 2147483647;
			files = (
			);
			runOnlyForDeploymentPostprocessing = 0;
		};
/* End PBXFrameworksBuildPhase section */

/* Begin PBXGroup section */
		E10000000000000000000001 = {
			isa = PBXGroup;
			children = (
				E10000000000000000000002 /* SlivkiWebHotfix */,
				E10000000000000000000003 /* Products */,
			);
			sourceTree = "<group>";
		};
		E10000000000000000000002 /* SlivkiWebHotfix */ = {
			isa = PBXGroup;
			children = (
				A10000000000000000000001 /* SlivkiWebHotfixApp.swift */,
				A10000000000000000000002 /* ContentView.swift */,
				E10000000000000000000004 /* WebView */,
				E10000000000000000000005 /* Views */,
				A10000000000000000000006 /* Assets.xcassets */,
			);
			path = SlivkiWebHotfix;
			sourceTree = "<group>";
		};
		E10000000000000000000003 /* Products */ = {
			isa = PBXGroup;
			children = (
				D10000000000000000000001 /* SlivkiWebHotfix.app */,
			);
			name = Products;
			sourceTree = "<group>";
		};
		E10000000000000000000004 /* WebView */ = {
			isa = PBXGroup;
			children = (
				A10000000000000000000003 /* WebViewSession.swift */,
				A10000000000000000000004 /* StoreWebView.swift */,
			);
			path = WebView;
			sourceTree = "<group>";
		};
		E10000000000000000000005 /* Views */ = {
			isa = PBXGroup;
			children = (
				A10000000000000000000005 /* WebViewErrorOverlay.swift */,
			);
			path = Views;
			sourceTree = "<group>";
		};
/* End PBXGroup section */

/* Begin PBXNativeTarget section */
		C10000000000000000000001 /* SlivkiWebHotfix */ = {
			isa = PBXNativeTarget;
			buildConfigurationList = F10000000000000000000002 /* Build configuration list for PBXNativeTarget "SlivkiWebHotfix" */;
			buildPhases = (
				C10000000000000000000002 /* Sources */,
				C10000000000000000000003 /* Frameworks */,
				C10000000000000000000004 /* Resources */,
			);
			buildRules = (
			);
			dependencies = (
			);
			name = SlivkiWebHotfix;
			productName = SlivkiWebHotfix;
			productReference = D10000000000000000000001 /* SlivkiWebHotfix.app */;
			productType = "com.apple.product-type.application";
		};
/* End PBXNativeTarget section */

/* Begin PBXProject section */
		F10000000000000000000003 /* Project object */ = {
			isa = PBXProject;
			attributes = {
				BuildIndependentTargetsInParallel = 1;
				LastSwiftUpdateCheck = 1600;
				LastUpgradeCheck = 1600;
				TargetAttributes = {
					C10000000000000000000001 = {
						CreatedOnToolsVersion = 16.0;
					};
				};
			};
			buildConfigurationList = F10000000000000000000004 /* Build configuration list for PBXProject "SlivkiWebHotfix" */;
			compatibilityVersion = "Xcode 15.0";
			developmentRegion = ru;
			hasScannedForEncodings = 0;
			knownRegions = (
				en,
				ru,
				Base,
			);
			mainGroup = E10000000000000000000001;
			productRefGroup = E10000000000000000000003 /* Products */;
			projectDirPath = "";
			projectRoot = "";
			targets = (
				C10000000000000000000001 /* SlivkiWebHotfix */,
			);
		};
/* End PBXProject section */

/* Begin PBXResourcesBuildPhase section */
		C10000000000000000000004 /* Resources */ = {
			isa = PBXResourcesBuildPhase;
			buildActionMask = 2147483647;
			files = (
				B10000000000000000000006 /* Assets.xcassets in Resources */,
			);
			runOnlyForDeploymentPostprocessing = 0;
		};
/* End PBXResourcesBuildPhase section */

/* Begin PBXSourcesBuildPhase section */
		C10000000000000000000002 /* Sources */ = {
			isa = PBXSourcesBuildPhase;
			buildActionMask = 2147483647;
			files = (
				B10000000000000000000001 /* SlivkiWebHotfixApp.swift in Sources */,
				B10000000000000000000002 /* ContentView.swift in Sources */,
				B10000000000000000000003 /* WebViewSession.swift in Sources */,
				B10000000000000000000004 /* StoreWebView.swift in Sources */,
				B10000000000000000000005 /* WebViewErrorOverlay.swift in Sources */,
			);
			runOnlyForDeploymentPostprocessing = 0;
		};
/* End PBXSourcesBuildPhase section */

/* Begin XCBuildConfiguration section */
		F10000000000000000000005 /* Debug */ = {
			isa = XCBuildConfiguration;
			buildSettings = {
				ALWAYS_SEARCH_USER_PATHS = NO;
				CLANG_ENABLE_MODULES = YES;
				CLANG_ENABLE_OBJC_ARC = YES;
				COPY_PHASE_STRIP = NO;
				DEBUG_INFORMATION_FORMAT = dwarf;
				ENABLE_TESTABILITY = YES;
				GCC_DYNAMIC_NO_PIC = NO;
				GCC_OPTIMIZATION_LEVEL = 0;
				IPHONEOS_DEPLOYMENT_TARGET = 14.0;
				ONLY_ACTIVE_ARCH = YES;
				SDKROOT = iphoneos;
				SWIFT_ACTIVE_COMPILATION_CONDITIONS = DEBUG;
				SWIFT_OPTIMIZATION_LEVEL = "-Onone";
			};
			name = Debug;
		};
		F10000000000000000000006 /* Release */ = {
			isa = XCBuildConfiguration;
			buildSettings = {
				ALWAYS_SEARCH_USER_PATHS = NO;
				CLANG_ENABLE_MODULES = YES;
				CLANG_ENABLE_OBJC_ARC = YES;
				COPY_PHASE_STRIP = NO;
				DEBUG_INFORMATION_FORMAT = "dwarf-with-dsym";
				IPHONEOS_DEPLOYMENT_TARGET = 14.0;
				SDKROOT = iphoneos;
				SWIFT_COMPILATION_MODE = wholemodule;
				VALIDATE_PRODUCT = YES;
			};
			name = Release;
		};
		F10000000000000000000007 /* Debug */ = {
			isa = XCBuildConfiguration;
			buildSettings = {
				ASSETCATALOG_COMPILER_APPICON_NAME = AppIcon;
				ASSETCATALOG_COMPILER_GLOBAL_ACCENT_COLOR_NAME = AccentColor;
				CODE_SIGN_STYLE = Automatic;
				CURRENT_PROJECT_VERSION = 2;
				DEVELOPMENT_TEAM = "";
				GENERATE_INFOPLIST_FILE = YES;
				INFOPLIST_KEY_CFBundleDisplayName = "Сливки.";
				INFOPLIST_KEY_LSApplicationCategoryType = "public.app-category.food-and-drink";
				INFOPLIST_KEY_UIApplicationSceneManifest_Generation = NO;
				INFOPLIST_KEY_UILaunchScreen_Generation = YES;
				INFOPLIST_KEY_UISupportedInterfaceOrientations = UIInterfaceOrientationPortrait;
				IPHONEOS_DEPLOYMENT_TARGET = 14.0;
				MARKETING_VERSION = 1.0.1;
				PRODUCT_BUNDLE_IDENTIFIER = com.app.slivki;
				PRODUCT_NAME = "$(TARGET_NAME)";
				SUPPORTED_PLATFORMS = "iphoneos iphonesimulator";
				SWIFT_VERSION = 5.0;
				TARGETED_DEVICE_FAMILY = "1,2";
			};
			name = Debug;
		};
		F10000000000000000000008 /* Release */ = {
			isa = XCBuildConfiguration;
			buildSettings = {
				ASSETCATALOG_COMPILER_APPICON_NAME = AppIcon;
				ASSETCATALOG_COMPILER_GLOBAL_ACCENT_COLOR_NAME = AccentColor;
				CODE_SIGN_STYLE = Automatic;
				CURRENT_PROJECT_VERSION = 2;
				DEVELOPMENT_TEAM = "";
				GENERATE_INFOPLIST_FILE = YES;
				INFOPLIST_KEY_CFBundleDisplayName = "Сливки.";
				INFOPLIST_KEY_LSApplicationCategoryType = "public.app-category.food-and-drink";
				INFOPLIST_KEY_UIApplicationSceneManifest_Generation = NO;
				INFOPLIST_KEY_UILaunchScreen_Generation = YES;
				INFOPLIST_KEY_UISupportedInterfaceOrientations = UIInterfaceOrientationPortrait;
				IPHONEOS_DEPLOYMENT_TARGET = 14.0;
				MARKETING_VERSION = 1.0.1;
				PRODUCT_BUNDLE_IDENTIFIER = com.app.slivki;
				PRODUCT_NAME = "$(TARGET_NAME)";
				SUPPORTED_PLATFORMS = "iphoneos iphonesimulator";
				SWIFT_VERSION = 5.0;
				TARGETED_DEVICE_FAMILY = "1,2";
			};
			name = Release;
		};
/* End XCBuildConfiguration section */

/* Begin XCConfigurationList section */
		F10000000000000000000002 /* Build configuration list for PBXNativeTarget "SlivkiWebHotfix" */ = {
			isa = XCConfigurationList;
			buildConfigurations = (
				F10000000000000000000007 /* Debug */,
				F10000000000000000000008 /* Release */,
			);
			defaultConfigurationIsVisible = 0;
			defaultConfigurationName = Release;
		};
		F10000000000000000000004 /* Build configuration list for PBXProject "SlivkiWebHotfix" */ = {
			isa = XCConfigurationList;
			buildConfigurations = (
				F10000000000000000000005 /* Debug */,
				F10000000000000000000006 /* Release */,
			);
			defaultConfigurationIsVisible = 0;
			defaultConfigurationName = Release;
		};
/* End XCConfigurationList section */
	};
	rootObject = F10000000000000000000003 /* Project object */;
}
